
Microsoft Visual Studio Solution File, Format Version 12.00
# Visual Studio Version 16
VisualStudioVersion = 16.0.31727.386
MinimumVisualStudioVersion = 10.0.40219.1
Project("{FAE04EC0-301F-11D3-BF4B-00C04F79EFBC}") = "Homework2", "Homework2\Homework2.csproj", "{6CE1040B-0FE5-478D-AF8D-5BE887626C08}"
EndProject
Global
	GlobalSection(SolutionConfigurationPlatforms) = preSolution
		Debug|Any CPU = Debug|Any CPU
		Release|Any CPU = Release|Any CPU
	EndGlobalSection
	GlobalSection(ProjectConfigurationPlatforms) = postSolution
		{6CE1040B-0FE5-478D-AF8D-5BE887626C08}.Debug|Any CPU.ActiveCfg = Debug|Any CPU
		{6CE1040B-0FE5-478D-AF8D-5BE887626C08}.Debug|Any CPU.Build.0 = Debug|Any CPU
		{6CE1040B-0FE5-478D-AF8D-5BE887626C08}.Release|Any CPU.ActiveCfg = Release|Any CPU
		{6CE1040B-0FE5-478D-AF8D-5BE887626C08}.Release|Any CPU.Build.0 = Release|Any CPU
	EndGlobalSection
	GlobalSection(SolutionProperties) = preSolution
		HideSolutionNode = FALSE
	EndGlobalSection
	GlobalSection(ExtensibilityGlobals) = postSolution
		SolutionGuid = {343552D6-FF2B-4F1F-83C6-6E5EAE3338AF}
	EndGlobalSection
EndGlobal
